
Microsoft Visual Studio Solution File, Format Version 12.00
# Visual Studio Version 17
VisualStudioVersion = 17.5.002.0
MinimumVisualStudioVersion = 10.0.40219.1
Project("{9A19103F-16F7-4668-BE54-9A1E7A4F7556}") = "DaySix", "DaySix.csproj", "{26467A5A-3A1E-4CFE-9560-37765A3D9712}"
EndProject
Global
	GlobalSection(SolutionConfigurationPlatforms) = preSolution
		Debug|Any CPU = Debug|Any CPU
		Release|Any CPU = Release|Any CPU
	EndGlobalSection
	GlobalSection(ProjectConfigurationPlatforms) = postSolution
		{26467A5A-3A1E-4CFE-9560-37765A3D9712}.Debug|Any CPU.ActiveCfg = Debug|Any CPU
		{26467A5A-3A1E-4CFE-9560-37765A3D9712}.Debug|Any CPU.Build.0 = Debug|Any CPU
		{26467A5A-3A1E-4CFE-9560-37765A3D9712}.Release|Any CPU.ActiveCfg = Release|Any CPU
		{26467A5A-3A1E-4CFE-9560-37765A3D9712}.Release|Any CPU.Build.0 = Release|Any CPU
	EndGlobalSection
	GlobalSection(SolutionProperties) = preSolution
		HideSolutionNode = FALSE
	EndGlobalSection
	GlobalSection(ExtensibilityGlobals) = postSolution
		SolutionGuid = {65EDC9BE-2784-418C-8B1D-874774CD9CBF}
	EndGlobalSection
EndGlobal
